// !$*UTF8*$!
{
	archiveVersion = 1;
	classes = {
	};
	objectVersion = 46;
	objects = {

/* Begin PBXBuildFile section */
		88FEF5091EC7F72B005F859B /* main.m in Sources */ = {isa = PBXBuildFile; fileRef = 88FEF5081EC7F72B005F859B /* main.m */; };
		88FEF50C1EC7F72B005F859B /* AppDelegate.m in Sources */ = {isa = PBXBuildFile; fileRef = 88FEF50B1EC7F72B005F859B /* AppDelegate.m */; };
		88FEF50F1EC7F72B005F859B /* ViewController.m in Sources */ = {isa = PBXBuildFile; fileRef = 88FEF50E1EC7F72B005F859B /* ViewController.m */; };
		88FEF5121EC7F72B005F859B /* Main.storyboard in Resources */ = {isa = PBXBuildFile; fileRef = 88FEF5101EC7F72B005F859B /* Main.storyboard */; };
		88FEF5141EC7F72B005F859B /* Assets.xcassets in Resources */ = {isa = PBXBuildFile; fileRef = 88FEF5131EC7F72B005F859B /* Assets.xcassets */; };
		88FEF5171EC7F72B005F859B /* LaunchScreen.storyboard in Resources */ = {isa = PBXBuildFile; fileRef = 88FEF5151EC7F72B005F859B /* LaunchScreen.storyboard */; };
		88FEF53F1EC7F757005F859B /* TestConstraintConflictVC.m in Sources */ = {isa = PBXBuildFile; fileRef = 88FEF5201EC7F757005F859B /* TestConstraintConflictVC.m */; };
		88FEF5401EC7F757005F859B /* TestConstraintConflictVC.xib in Resources */ = {isa = PBXBuildFile; fileRef = 88FEF5211EC7F757005F859B /* TestConstraintConflictVC.xib */; };
		88FEF5411EC7F757005F859B /* LICENSE in Resources */ = {isa = PBXBuildFile; fileRef = 88FEF5231EC7F757005F859B /* LICENSE */; };
		88FEF5421EC7F757005F859B /* MASCompositeConstraint.m in Sources */ = {isa = PBXBuildFile; fileRef = 88FEF5261EC7F757005F859B /* MASCompositeConstraint.m */; };
		88FEF5431EC7F757005F859B /* MASConstraint.m in Sources */ = {isa = PBXBuildFile; fileRef = 88FEF5291EC7F757005F859B /* MASConstraint.m */; };
		88FEF5441EC7F757005F859B /* MASConstraintMaker.m in Sources */ = {isa = PBXBuildFile; fileRef = 88FEF52B1EC7F757005F859B /* MASConstraintMaker.m */; };
		88FEF5451EC7F757005F859B /* MASLayoutConstraint.m in Sources */ = {isa = PBXBuildFile; fileRef = 88FEF52D1EC7F757005F859B /* MASLayoutConstraint.m */; };
		88FEF5461EC7F757005F859B /* MASViewAttribute.m in Sources */ = {isa = PBXBuildFile; fileRef = 88FEF5311EC7F757005F859B /* MASViewAttribute.m */; };
		88FEF5471EC7F757005F859B /* MASViewConstraint.m in Sources */ = {isa = PBXBuildFile; fileRef = 88FEF5331EC7F757005F859B /* MASViewConstraint.m */; };
		88FEF5481EC7F757005F859B /* NSArray+MASAdditions.m in Sources */ = {isa = PBXBuildFile; fileRef = 88FEF5351EC7F757005F859B /* NSArray+MASAdditions.m */; };
		88FEF5491EC7F757005F859B /* NSLayoutConstraint+MASDebugAdditions.m in Sources */ = {isa = PBXBuildFile; fileRef = 88FEF5381EC7F757005F859B /* NSLayoutConstraint+MASDebugAdditions.m */; };
		88FEF54A1EC7F757005F859B /* View+MASAdditions.m in Sources */ = {isa = PBXBuildFile; fileRef = 88FEF53A1EC7F757005F859B /* View+MASAdditions.m */; };
		88FEF54B1EC7F757005F859B /* ViewController+MASAdditions.m in Sources */ = {isa = PBXBuildFile; fileRef = 88FEF53D1EC7F757005F859B /* ViewController+MASAdditions.m */; };
		88FEF54C1EC7F757005F859B /* README.md in Sources */ = {isa = PBXBuildFile; fileRef = 88FEF53E1EC7F757005F859B /* README.md */; };
		88FEF5501EC8213D005F859B /* MyLayer.m in Sources */ = {isa = PBXBuildFile; fileRef = 88FEF54F1EC8213D005F859B /* MyLayer.m */; };
		88FEF5531EC8215B005F859B /* MyView.m in Sources */ = {isa = PBXBuildFile; fileRef = 88FEF5521EC8215B005F859B /* MyView.m */; };
		88FEF5571EC823DD005F859B /* TestLayoutOrderVC.m in Sources */ = {isa = PBXBuildFile; fileRef = 88FEF5551EC823DD005F859B /* TestLayoutOrderVC.m */; };
		88FEF5581EC823DD005F859B /* TestLayoutOrderVC.xib in Resources */ = {isa = PBXBuildFile; fileRef = 88FEF5561EC823DD005F859B /* TestLayoutOrderVC.xib */; };
		88FEF55C1EC82636005F859B /* TestScrollViewLayoutVC.m in Sources */ = {isa = PBXBuildFile; fileRef = 88FEF55A1EC82636005F859B /* TestScrollViewLayoutVC.m */; };
		88FEF55D1EC82636005F859B /* TestScrollViewLayoutVC.xib in Resources */ = {isa = PBXBuildFile; fileRef = 88FEF55B1EC82636005F859B /* TestScrollViewLayoutVC.xib */; };
/* End PBXBuildFile section */

/* Begin PBXFileReference section */
		88FEF5041EC7F72B005F859B /* LayoutDemo.app */ = {isa = PBXFileReference; explicitFileType = wrapper.application; includeInIndex = 0; path = LayoutDemo.app; sourceTree = BUILT_PRODUCTS_DIR; };
		88FEF5081EC7F72B005F859B /* main.m */ = {isa = PBXFileReference; lastKnownFileType = sourcecode.c.objc; path = main.m; sourceTree = "<group>"; };
		88FEF50A1EC7F72B005F859B /* AppDelegate.h */ = {isa = PBXFileReference; lastKnownFileType = sourcecode.c.h; path = AppDelegate.h; sourceTree = "<group>"; };
		88FEF50B1EC7F72B005F859B /* AppDelegate.m */ = {isa = PBXFileReference; lastKnownFileType = sourcecode.c.objc; path = AppDelegate.m; sourceTree = "<group>"; };
		88FEF50D1EC7F72B005F859B /* ViewController.h */ = {isa = PBXFileReference; lastKnownFileType = sourcecode.c.h; path = ViewController.h; sourceTree = "<group>"; };
		88FEF50E1EC7F72B005F859B /* ViewController.m */ = {isa = PBXFileReference; lastKnownFileType = sourcecode.c.objc; path = ViewController.m; sourceTree = "<group>"; };
		88FEF5111EC7F72B005F859B /* Base */ = {isa = PBXFileReference; lastKnownFileType = file.storyboard; name = Base; path = Base.lproj/Main.storyboard; sourceTree = "<group>"; };
		88FEF5131EC7F72B005F859B /* Assets.xcassets */ = {isa = PBXFileReference; lastKnownFileType = folder.assetcatalog; path = Assets.xcassets; sourceTree = "<group>"; };
		88FEF5161EC7F72B005F859B /* Base */ = {isa = PBXFileReference; lastKnownFileType = file.storyboard; name = Base; path = Base.lproj/LaunchScreen.storyboard; sourceTree = "<group>"; };
		88FEF5181EC7F72B005F859B /* Info.plist */ = {isa = PBXFileReference; lastKnownFileType = text.plist.xml; path = Info.plist; sourceTree = "<group>"; };
		88FEF51F1EC7F757005F859B /* TestConstraintConflictVC.h */ = {isa = PBXFileReference; fileEncoding = 4; lastKnownFileType = sourcecode.c.h; path = TestConstraintConflictVC.h; sourceTree = "<group>"; };
		88FEF5201EC7F757005F859B /* TestConstraintConflictVC.m */ = {isa = PBXFileReference; fileEncoding = 4; lastKnownFileType = sourcecode.c.objc; path = TestConstraintConflictVC.m; sourceTree = "<group>"; };
		88FEF5211EC7F757005F859B /* TestConstraintConflictVC.xib */ = {isa = PBXFileReference; fileEncoding = 4; lastKnownFileType = file.xib; path = TestConstraintConflictVC.xib; sourceTree = "<group>"; };
		88FEF5231EC7F757005F859B /* LICENSE */ = {isa = PBXFileReference; fileEncoding = 4; lastKnownFileType = text; path = LICENSE; sourceTree = "<group>"; };
		88FEF5251EC7F757005F859B /* MASCompositeConstraint.h */ = {isa = PBXFileReference; fileEncoding = 4; lastKnownFileType = sourcecode.c.h; path = MASCompositeConstraint.h; sourceTree = "<group>"; };
		88FEF5261EC7F757005F859B /* MASCompositeConstraint.m */ = {isa = PBXFileReference; fileEncoding = 4; lastKnownFileType = sourcecode.c.objc; path = MASCompositeConstraint.m; sourceTree = "<group>"; };
		88FEF5271EC7F757005F859B /* MASConstraint+Private.h */ = {isa = PBXFileReference; fileEncoding = 4; lastKnownFileType = sourcecode.c.h; path = "MASConstraint+Private.h"; sourceTree = "<group>"; };
		88FEF5281EC7F757005F859B /* MASConstraint.h */ = {isa = PBXFileReference; fileEncoding = 4; lastKnownFileType = sourcecode.c.h; path = MASConstraint.h; sourceTree = "<group>"; };
		88FEF5291EC7F757005F859B /* MASConstraint.m */ = {isa = PBXFileReference; fileEncoding = 4; lastKnownFileType = sourcecode.c.objc; path = MASConstraint.m; sourceTree = "<group>"; };
		88FEF52A1EC7F757005F859B /* MASConstraintMaker.h */ = {isa = PBXFileReference; fileEncoding = 4; lastKnownFileType = sourcecode.c.h; path = MASConstraintMaker.h; sourceTree = "<group>"; };
		88FEF52B1EC7F757005F859B /* MASConstraintMaker.m */ = {isa = PBXFileReference; fileEncoding = 4; lastKnownFileType = sourcecode.c.objc; path = MASConstraintMaker.m; sourceTree = "<group>"; };
		88FEF52C1EC7F757005F859B /* MASLayoutConstraint.h */ = {isa = PBXFileReference; fileEncoding = 4; lastKnownFileType = sourcecode.c.h; path = MASLayoutConstraint.h; sourceTree = "<group>"; };
		88FEF52D1EC7F757005F859B /* MASLayoutConstraint.m */ = {isa = PBXFileReference; fileEncoding = 4; lastKnownFileType = sourcecode.c.objc; path = MASLayoutConstraint.m; sourceTree = "<group>"; };
		88FEF52E1EC7F757005F859B /* Masonry.h */ = {isa = PBXFileReference; fileEncoding = 4; lastKnownFileType = sourcecode.c.h; path = Masonry.h; sourceTree = "<group>"; };
		88FEF52F1EC7F757005F859B /* MASUtilities.h */ = {isa = PBXFileReference; fileEncoding = 4; lastKnownFileType = sourcecode.c.h; path = MASUtilities.h; sourceTree = "<group>"; };
		88FEF5301EC7F757005F859B /* MASViewAttribute.h */ = {isa = PBXFileReference; fileEncoding = 4; lastKnownFileType = sourcecode.c.h; path = MASViewAttribute.h; sourceTree = "<group>"; };
		88FEF5311EC7F757005F859B /* MASViewAttribute.m */ = {isa = PBXFileReference; fileEncoding = 4; lastKnownFileType = sourcecode.c.objc; path = MASViewAttribute.m; sourceTree = "<group>"; };
		88FEF5321EC7F757005F859B /* MASViewConstraint.h */ = {isa = PBXFileReference; fileEncoding = 4; lastKnownFileType = sourcecode.c.h; path = MASViewConstraint.h; sourceTree = "<group>"; };
		88FEF5331EC7F757005F859B /* MASViewConstraint.m */ = {isa = PBXFileReference; fileEncoding = 4; lastKnownFileType = sourcecode.c.objc; path = MASViewConstraint.m; sourceTree = "<group>"; };
		88FEF5341EC7F757005F859B /* NSArray+MASAdditions.h */ = {isa = PBXFileReference; fileEncoding = 4; lastKnownFileType = sourcecode.c.h; path = "NSArray+MASAdditions.h"; sourceTree = "<group>"; };
		88FEF5351EC7F757005F859B /* NSArray+MASAdditions.m */ = {isa = PBXFileReference; fileEncoding = 4; lastKnownFileType = sourcecode.c.objc; path = "NSArray+MASAdditions.m"; sourceTree = "<group>"; };
		88FEF5361EC7F757005F859B /* NSArray+MASShorthandAdditions.h */ = {isa = PBXFileReference; fileEncoding = 4; lastKnownFileType = sourcecode.c.h; path = "NSArray+MASShorthandAdditions.h"; sourceTree = "<group>"; };
		88FEF5371EC7F757005F859B /* NSLayoutConstraint+MASDebugAdditions.h */ = {isa = PBXFileReference; fileEncoding = 4; lastKnownFileType = sourcecode.c.h; path = "NSLayoutConstraint+MASDebugAdditions.h"; sourceTree = "<group>"; };
		88FEF5381EC7F757005F859B /* NSLayoutConstraint+MASDebugAdditions.m */ = {isa = PBXFileReference; fileEncoding = 4; lastKnownFileType = sourcecode.c.objc; path = "NSLayoutConstraint+MASDebugAdditions.m"; sourceTree = "<group>"; };
		88FEF5391EC7F757005F859B /* View+MASAdditions.h */ = {isa = PBXFileReference; fileEncoding = 4; lastKnownFileType = sourcecode.c.h; path = "View+MASAdditions.h"; sourceTree = "<group>"; };
		88FEF53A1EC7F757005F859B /* View+MASAdditions.m */ = {isa = PBXFileReference; fileEncoding = 4; lastKnownFileType = sourcecode.c.objc; path = "View+MASAdditions.m"; sourceTree = "<group>"; };
		88FEF53B1EC7F757005F859B /* View+MASShorthandAdditions.h */ = {isa = PBXFileReference; fileEncoding = 4; lastKnownFileType = sourcecode.c.h; path = "View+MASShorthandAdditions.h"; sourceTree = "<group>"; };
		88FEF53C1EC7F757005F859B /* ViewController+MASAdditions.h */ = {isa = PBXFileReference; fileEncoding = 4; lastKnownFileType = sourcecode.c.h; path = "ViewController+MASAdditions.h"; sourceTree = "<group>"; };
		88FEF53D1EC7F757005F859B /* ViewController+MASAdditions.m */ = {isa = PBXFileReference; fileEncoding = 4; lastKnownFileType = sourcecode.c.objc; path = "ViewController+MASAdditions.m"; sourceTree = "<group>"; };
		88FEF53E1EC7F757005F859B /* README.md */ = {isa = PBXFileReference; fileEncoding = 4; lastKnownFileType = net.daringfireball.markdown; path = README.md; sourceTree = "<group>"; };
		88FEF54E1EC8213D005F859B /* MyLayer.h */ = {isa = PBXFileReference; fileEncoding = 4; lastKnownFileType = sourcecode.c.h; path = MyLayer.h; sourceTree = "<group>"; };
		88FEF54F1EC8213D005F859B /* MyLayer.m */ = {isa = PBXFileReference; fileEncoding = 4; lastKnownFileType = sourcecode.c.objc; path = MyLayer.m; sourceTree = "<group>"; };
		88FEF5511EC8215B005F859B /* MyView.h */ = {isa = PBXFileReference; fileEncoding = 4; lastKnownFileType = sourcecode.c.h; path = MyView.h; sourceTree = "<group>"; };
		88FEF5521EC8215B005F859B /* MyView.m */ = {isa = PBXFileReference; fileEncoding = 4; lastKnownFileType = sourcecode.c.objc; path = MyView.m; sourceTree = "<group>"; };
		88FEF5541EC823DD005F859B /* TestLayoutOrderVC.h */ = {isa = PBXFileReference; fileEncoding = 4; lastKnownFileType = sourcecode.c.h; path = TestLayoutOrderVC.h; sourceTree = "<group>"; };
		88FEF5551EC823DD005F859B /* TestLayoutOrderVC.m */ = {isa = PBXFileReference; fileEncoding = 4; lastKnownFileType = sourcecode.c.objc; path = TestLayoutOrderVC.m; sourceTree = "<group>"; };
		88FEF5561EC823DD005F859B /* TestLayoutOrderVC.xib */ = {isa = PBXFileReference; fileEncoding = 4; lastKnownFileType = file.xib; path = TestLayoutOrderVC.xib; sourceTree = "<group>"; };
		88FEF5591EC82636005F859B /* TestScrollViewLayoutVC.h */ = {isa = PBXFileReference; fileEncoding = 4; lastKnownFileType = sourcecode.c.h; path = TestScrollViewLayoutVC.h; sourceTree = "<group>"; };
		88FEF55A1EC82636005F859B /* TestScrollViewLayoutVC.m */ = {isa = PBXFileReference; fileEncoding = 4; lastKnownFileType = sourcecode.c.objc; path = TestScrollViewLayoutVC.m; sourceTree = "<group>"; };
		88FEF55B1EC82636005F859B /* TestScrollViewLayoutVC.xib */ = {isa = PBXFileReference; fileEncoding = 4; lastKnownFileType = file.xib; path = TestScrollViewLayoutVC.xib; sourceTree = "<group>"; };
/* End PBXFileReference section */

/* Begin PBXFrameworksBuildPhase section */
		88FEF5011EC7F72B005F859B /* Frameworks */ = {
			isa = PBXFrameworksBuildPhase;
			buildActionMask = 2147483647;
			files = (
			);
			runOnlyForDeploymentPostprocessing = 0;
		};
/* End PBXFrameworksBuildPhase section */

/* Begin PBXGroup section */
		88FEF4FB1EC7F72B005F859B = {
			isa = PBXGroup;
			children = (
				88FEF51E1EC7F757005F859B /* UI基础（布局） */,
				88FEF5061EC7F72B005F859B /* LayoutDemo */,
				88FEF5051EC7F72B005F859B /* Products */,
			);
			sourceTree = "<group>";
		};
		88FEF5051EC7F72B005F859B /* Products */ = {
			isa = PBXGroup;
			children = (
				88FEF5041EC7F72B005F859B /* LayoutDemo.app */,
			);
			name = Products;
			sourceTree = "<group>";
		};
		88FEF5061EC7F72B005F859B /* LayoutDemo */ = {
			isa = PBXGroup;
			children = (
				88FEF50A1EC7F72B005F859B /* AppDelegate.h */,
				88FEF50B1EC7F72B005F859B /* AppDelegate.m */,
				88FEF50D1EC7F72B005F859B /* ViewController.h */,
				88FEF50E1EC7F72B005F859B /* ViewController.m */,
				88FEF5101EC7F72B005F859B /* Main.storyboard */,
				88FEF5131EC7F72B005F859B /* Assets.xcassets */,
				88FEF5151EC7F72B005F859B /* LaunchScreen.storyboard */,
				88FEF5181EC7F72B005F859B /* Info.plist */,
				88FEF5071EC7F72B005F859B /* Supporting Files */,
			);
			path = LayoutDemo;
			sourceTree = "<group>";
		};
		88FEF5071EC7F72B005F859B /* Supporting Files */ = {
			isa = PBXGroup;
			children = (
				88FEF5081EC7F72B005F859B /* main.m */,
			);
			name = "Supporting Files";
			sourceTree = "<group>";
		};
		88FEF51E1EC7F757005F859B /* UI基础（布局） */ = {
			isa = PBXGroup;
			children = (
				88FEF54E1EC8213D005F859B /* MyLayer.h */,
				88FEF54F1EC8213D005F859B /* MyLayer.m */,
				88FEF5511EC8215B005F859B /* MyView.h */,
				88FEF5521EC8215B005F859B /* MyView.m */,
				88FEF5541EC823DD005F859B /* TestLayoutOrderVC.h */,
				88FEF5551EC823DD005F859B /* TestLayoutOrderVC.m */,
				88FEF5561EC823DD005F859B /* TestLayoutOrderVC.xib */,
				88FEF51F1EC7F757005F859B /* TestConstraintConflictVC.h */,
				88FEF5201EC7F757005F859B /* TestConstraintConflictVC.m */,
				88FEF5211EC7F757005F859B /* TestConstraintConflictVC.xib */,
				88FEF5591EC82636005F859B /* TestScrollViewLayoutVC.h */,
				88FEF55A1EC82636005F859B /* TestScrollViewLayoutVC.m */,
				88FEF55B1EC82636005F859B /* TestScrollViewLayoutVC.xib */,
				88FEF5221EC7F757005F859B /* Masonry */,
			);
			path = "UI基础（布局）";
			sourceTree = "<group>";
		};
		88FEF5221EC7F757005F859B /* Masonry */ = {
			isa = PBXGroup;
			children = (
				88FEF5231EC7F757005F859B /* LICENSE */,
				88FEF5241EC7F757005F859B /* Masonry */,
				88FEF53E1EC7F757005F859B /* README.md */,
			);
			path = Masonry;
			sourceTree = "<group>";
		};
		88FEF5241EC7F757005F859B /* Masonry */ = {
			isa = PBXGroup;
			children = (
				88FEF5251EC7F757005F859B /* MASCompositeConstraint.h */,
				88FEF5261EC7F757005F859B /* MASCompositeConstraint.m */,
				88FEF5271EC7F757005F859B /* MASConstraint+Private.h */,
				88FEF5281EC7F757005F859B /* MASConstraint.h */,
				88FEF5291EC7F757005F859B /* MASConstraint.m */,
				88FEF52A1EC7F757005F859B /* MASConstraintMaker.h */,
				88FEF52B1EC7F757005F859B /* MASConstraintMaker.m */,
				88FEF52C1EC7F757005F859B /* MASLayoutConstraint.h */,
				88FEF52D1EC7F757005F859B /* MASLayoutConstraint.m */,
				88FEF52E1EC7F757005F859B /* Masonry.h */,
				88FEF52F1EC7F757005F859B /* MASUtilities.h */,
				88FEF5301EC7F757005F859B /* MASViewAttribute.h */,
				88FEF5311EC7F757005F859B /* MASViewAttribute.m */,
				88FEF5321EC7F757005F859B /* MASViewConstraint.h */,
				88FEF5331EC7F757005F859B /* MASViewConstraint.m */,
				88FEF5341EC7F757005F859B /* NSArray+MASAdditions.h */,
				88FEF5351EC7F757005F859B /* NSArray+MASAdditions.m */,
				88FEF5361EC7F757005F859B /* NSArray+MASShorthandAdditions.h */,
				88FEF5371EC7F757005F859B /* NSLayoutConstraint+MASDebugAdditions.h */,
				88FEF5381EC7F757005F859B /* NSLayoutConstraint+MASDebugAdditions.m */,
				88FEF5391EC7F757005F859B /* View+MASAdditions.h */,
				88FEF53A1EC7F757005F859B /* View+MASAdditions.m */,
				88FEF53B1EC7F757005F859B /* View+MASShorthandAdditions.h */,
				88FEF53C1EC7F757005F859B /* ViewController+MASAdditions.h */,
				88FEF53D1EC7F757005F859B /* ViewController+MASAdditions.m */,
			);
			path = Masonry;
			sourceTree = "<group>";
		};
/* End PBXGroup section */

/* Begin PBXNativeTarget section */
		88FEF5031EC7F72B005F859B /* LayoutDemo */ = {
			isa = PBXNativeTarget;
			buildConfigurationList = 88FEF51B1EC7F72B005F859B /* Build configuration list for PBXNativeTarget "LayoutDemo" */;
			buildPhases = (
				88FEF5001EC7F72B005F859B /* Sources */,
				88FEF5011EC7F72B005F859B /* Frameworks */,
				88FEF5021EC7F72B005F859B /* Resources */,
			);
			buildRules = (
			);
			dependencies = (
			);
			name = LayoutDemo;
			productName = LayoutDemo;
			productReference = 88FEF5041EC7F72B005F859B /* LayoutDemo.app */;
			productType = "com.apple.product-type.application";
		};
/* End PBXNativeTarget section */

/* Begin PBXProject section */
		88FEF4FC1EC7F72B005F859B /* Project object */ = {
			isa = PBXProject;
			attributes = {
				LastUpgradeCheck = 0830;
				ORGANIZATIONNAME = "郭晓倩";
				TargetAttributes = {
					88FEF5031EC7F72B005F859B = {
						CreatedOnToolsVersion = 8.3.2;
						ProvisioningStyle = Automatic;
					};
				};
			};
			buildConfigurationList = 88FEF4FF1EC7F72B005F859B /* Build configuration list for PBXProject "LayoutDemo" */;
			compatibilityVersion = "Xcode 3.2";
			developmentRegion = English;
			hasScannedForEncodings = 0;
			knownRegions = (
				en,
				Base,
			);
			mainGroup = 88FEF4FB1EC7F72B005F859B;
			productRefGroup = 88FEF5051EC7F72B005F859B /* Products */;
			projectDirPath = "";
			projectRoot = "";
			targets = (
				88FEF5031EC7F72B005F859B /* LayoutDemo */,
			);
		};
/* End PBXProject section */

/* Begin PBXResourcesBuildPhase section */
		88FEF5021EC7F72B005F859B /* Resources */ = {
			isa = PBXResourcesBuildPhase;
			buildActionMask = 2147483647;
			files = (
				88FEF5171EC7F72B005F859B /* LaunchScreen.storyboard in Resources */,
				88FEF5401EC7F757005F859B /* TestConstraintConflictVC.xib in Resources */,
				88FEF5141EC7F72B005F859B /* Assets.xcassets in Resources */,
				88FEF5581EC823DD005F859B /* TestLayoutOrderVC.xib in Resources */,
				88FEF55D1EC82636005F859B /* TestScrollViewLayoutVC.xib in Resources */,
				88FEF5121EC7F72B005F859B /* Main.storyboard in Resources */,
				88FEF5411EC7F757005F859B /* LICENSE in Resources */,
			);
			runOnlyForDeploymentPostprocessing = 0;
		};
/* End PBXResourcesBuildPhase section */

/* Begin PBXSourcesBuildPhase section */
		88FEF5001EC7F72B005F859B /* Sources */ = {
			isa = PBXSourcesBuildPhase;
			buildActionMask = 2147483647;
			files = (
				88FEF5441EC7F757005F859B /* MASConstraintMaker.m in Sources */,
				88FEF50F1EC7F72B005F859B /* ViewController.m in Sources */,
				88FEF53F1EC7F757005F859B /* TestConstraintConflictVC.m in Sources */,
				88FEF5431EC7F757005F859B /* MASConstraint.m in Sources */,
				88FEF55C1EC82636005F859B /* TestScrollViewLayoutVC.m in Sources */,
				88FEF54B1EC7F757005F859B /* ViewController+MASAdditions.m in Sources */,
				88FEF5571EC823DD005F859B /* TestLayoutOrderVC.m in Sources */,
				88FEF5451EC7F757005F859B /* MASLayoutConstraint.m in Sources */,
				88FEF5481EC7F757005F859B /* NSArray+MASAdditions.m in Sources */,
				88FEF5531EC8215B005F859B /* MyView.m in Sources */,
				88FEF5501EC8213D005F859B /* MyLayer.m in Sources */,
				88FEF5471EC7F757005F859B /* MASViewConstraint.m in Sources */,
				88FEF5461EC7F757005F859B /* MASViewAttribute.m in Sources */,
				88FEF54A1EC7F757005F859B /* View+MASAdditions.m in Sources */,
				88FEF50C1EC7F72B005F859B /* AppDelegate.m in Sources */,
				88FEF5091EC7F72B005F859B /* main.m in Sources */,
				88FEF54C1EC7F757005F859B /* README.md in Sources */,
				88FEF5421EC7F757005F859B /* MASCompositeConstraint.m in Sources */,
				88FEF5491EC7F757005F859B /* NSLayoutConstraint+MASDebugAdditions.m in Sources */,
			);
			runOnlyForDeploymentPostprocessing = 0;
		};
/* End PBXSourcesBuildPhase section */

/* Begin PBXVariantGroup section */
		88FEF5101EC7F72B005F859B /* Main.storyboard */ = {
			isa = PBXVariantGroup;
			children = (
				88FEF5111EC7F72B005F859B /* Base */,
			);
			name = Main.storyboard;
			sourceTree = "<group>";
		};
		88FEF5151EC7F72B005F859B /* LaunchScreen.storyboard */ = {
			isa = PBXVariantGroup;
			children = (
				88FEF5161EC7F72B005F859B /* Base */,
			);
			name = LaunchScreen.storyboard;
			sourceTree = "<group>";
		};
/* End PBXVariantGroup section */

/* Begin XCBuildConfiguration section */
		88FEF5191EC7F72B005F859B /* Debug */ = {
			isa = XCBuildConfiguration;
			buildSettings = {
				ALWAYS_SEARCH_USER_PATHS = NO;
				CLANG_ANALYZER_NONNULL = YES;
				CLANG_ANALYZER_NUMBER_OBJECT_CONVERSION = YES_AGGRESSIVE;
				CLANG_CXX_LANGUAGE_STANDARD = "gnu++0x";
				CLANG_CXX_LIBRARY = "libc++";
				CLANG_ENABLE_MODULES = YES;
				CLANG_ENABLE_OBJC_ARC = YES;
				CLANG_WARN_BOOL_CONVERSION = YES;
				CLANG_WARN_CONSTANT_CONVERSION = YES;
				CLANG_WARN_DIRECT_OBJC_ISA_USAGE = YES_ERROR;
				CLANG_WARN_DOCUMENTATION_COMMENTS = YES;
				CLANG_WARN_EMPTY_BODY = YES;
				CLANG_WARN_ENUM_CONVERSION = YES;
				CLANG_WARN_INFINITE_RECURSION = YES;
				CLANG_WARN_INT_CONVERSION = YES;
				CLANG_WARN_OBJC_ROOT_CLASS = YES_ERROR;
				CLANG_WARN_SUSPICIOUS_MOVE = YES;
				CLANG_WARN_UNREACHABLE_CODE = YES;
				CLANG_WARN__DUPLICATE_METHOD_MATCH = YES;
				"CODE_SIGN_IDENTITY[sdk=iphoneos*]" = "iPhone Developer";
				COPY_PHASE_STRIP = NO;
				DEBUG_INFORMATION_FORMAT = dwarf;
				ENABLE_STRICT_OBJC_MSGSEND = YES;
				ENABLE_TESTABILITY = YES;
				GCC_C_LANGUAGE_STANDARD = gnu99;
				GCC_DYNAMIC_NO_PIC = NO;
				GCC_NO_COMMON_BLOCKS = YES;
				GCC_OPTIMIZATION_LEVEL = 0;
				GCC_PREPROCESSOR_DEFINITIONS = (
					"DEBUG=1",
					"$(inherited)",
				);
				GCC_WARN_64_TO_32_BIT_CONVERSION = YES;
				GCC_WARN_ABOUT_RETURN_TYPE = YES_ERROR;
				GCC_WARN_UNDECLARED_SELECTOR = YES;
				GCC_WARN_UNINITIALIZED_AUTOS = YES_AGGRESSIVE;
				GCC_WARN_UNUSED_FUNCTION = YES;
				GCC_WARN_UNUSED_VARIABLE = YES;
				IPHONEOS_DEPLOYMENT_TARGET = 10.3;
				MTL_ENABLE_DEBUG_INFO = YES;
				ONLY_ACTIVE_ARCH = YES;
				SDKROOT = iphoneos;
			};
			name = Debug;
		};
		88FEF51A1EC7F72B005F859B /* Release */ = {
			isa = XCBuildConfiguration;
			buildSettings = {
				ALWAYS_SEARCH_USER_PATHS = NO;
				CLANG_ANALYZER_NONNULL = YES;
				CLANG_ANALYZER_NUMBER_OBJECT_CONVERSION = YES_AGGRESSIVE;
				CLANG_CXX_LANGUAGE_STANDARD = "gnu++0x";
				CLANG_CXX_LIBRARY = "libc++";
				CLANG_ENABLE_MODULES = YES;
				CLANG_ENABLE_OBJC_ARC = YES;
				CLANG_WARN_BOOL_CONVERSION = YES;
				CLANG_WARN_CONSTANT_CONVERSION = YES;
				CLANG_WARN_DIRECT_OBJC_ISA_USAGE = YES_ERROR;
				CLANG_WARN_DOCUMENTATION_COMMENTS = YES;
				CLANG_WARN_EMPTY_BODY = YES;
				CLANG_WARN_ENUM_CONVERSION = YES;
				CLANG_WARN_INFINITE_RECURSION = YES;
				CLANG_WARN_INT_CONVERSION = YES;
				CLANG_WARN_OBJC_ROOT_CLASS = YES_ERROR;
				CLANG_WARN_SUSPICIOUS_MOVE = YES;
				CLANG_WARN_UNREACHABLE_CODE = YES;
				CLANG_WARN__DUPLICATE_METHOD_MATCH = YES;
				"CODE_SIGN_IDENTITY[sdk=iphoneos*]" = "iPhone Developer";
				COPY_PHASE_STRIP = NO;
				DEBUG_INFORMATION_FORMAT = "dwarf-with-dsym";
				ENABLE_NS_ASSERTIONS = NO;
				ENABLE_STRICT_OBJC_MSGSEND = YES;
				GCC_C_LANGUAGE_STANDARD = gnu99;
				GCC_NO_COMMON_BLOCKS = YES;
				GCC_WARN_64_TO_32_BIT_CONVERSION = YES;
				GCC_WARN_ABOUT_RETURN_TYPE = YES_ERROR;
				GCC_WARN_UNDECLARED_SELECTOR = YES;
				GCC_WARN_UNINITIALIZED_AUTOS = YES_AGGRESSIVE;
				GCC_WARN_UNUSED_FUNCTION = YES;
				GCC_WARN_UNUSED_VARIABLE = YES;
				IPHONEOS_DEPLOYMENT_TARGET = 10.3;
				MTL_ENABLE_DEBUG_INFO = NO;
				SDKROOT = iphoneos;
				VALIDATE_PRODUCT = YES;
			};
			name = Release;
		};
		88FEF51C1EC7F72B005F859B /* Debug */ = {
			isa = XCBuildConfiguration;
			buildSettings = {
				ASSETCATALOG_COMPILER_APPICON_NAME = AppIcon;
				INFOPLIST_FILE = LayoutDemo/Info.plist;
				LD_RUNPATH_SEARCH_PATHS = "$(inherited) @executable_path/Frameworks";
				PRODUCT_BUNDLE_IDENTIFIER = com.app.LayoutDemo;
				PRODUCT_NAME = "$(TARGET_NAME)";
			};
			name = Debug;
		};
		88FEF51D1EC7F72B005F859B /* Release */ = {
			isa = XCBuildConfiguration;
			buildSettings = {
				ASSETCATALOG_COMPILER_APPICON_NAME = AppIcon;
				INFOPLIST_FILE = LayoutDemo/Info.plist;
				LD_RUNPATH_SEARCH_PATHS = "$(inherited) @executable_path/Frameworks";
				PRODUCT_BUNDLE_IDENTIFIER = com.app.LayoutDemo;
				PRODUCT_NAME = "$(TARGET_NAME)";
			};
			name = Release;
		};
/* End XCBuildConfiguration section */

/* Begin XCConfigurationList section */
		88FEF4FF1EC7F72B005F859B /* Build configuration list for PBXProject "LayoutDemo" */ = {
			isa = XCConfigurationList;
			buildConfigurations = (
				88FEF5191EC7F72B005F859B /* Debug */,
				88FEF51A1EC7F72B005F859B /* Release */,
			);
			defaultConfigurationIsVisible = 0;
			defaultConfigurationName = Release;
		};
		88FEF51B1EC7F72B005F859B /* Build configuration list for PBXNativeTarget "LayoutDemo" */ = {
			isa = XCConfigurationList;
			buildConfigurations = (
				88FEF51C1EC7F72B005F859B /* Debug */,
				88FEF51D1EC7F72B005F859B /* Release */,
			);
			defaultConfigurationIsVisible = 0;
			defaultConfigurationName = Release;
		};
/* End XCConfigurationList section */
	};
	rootObject = 88FEF4FC1EC7F72B005F859B /* Project object */;
}
